// !$*UTF8*$!
{
	archiveVersion = 1;
	classes = {
	};
	objectVersion = 48;
	objects = {

/* Begin PBXBuildFile section */
		1189C2F02035B36A00B0D47B /* wscTableViewController.swift in Sources */ = {isa = PBXBuildFile; fileRef = 1189C2EF2035B36A00B0D47B /* wscTableViewController.swift */; };
		1189C2F22035B40600B0D47B /* wscTableView.swift in Sources */ = {isa = PBXBuildFile; fileRef = 1189C2F12035B40600B0D47B /* wscTableView.swift */; };
		1198F3B72063852A00930377 /* toastView.swift in Sources */ = {isa = PBXBuildFile; fileRef = 1198F3B62063852A00930377 /* toastView.swift */; };
		11D0347E2022F52C006194F8 /* AppDelegate.swift in Sources */ = {isa = PBXBuildFile; fileRef = 11D0347D2022F52C006194F8 /* AppDelegate.swift */; };
		11D034802022F52C006194F8 /* ViewController.swift in Sources */ = {isa = PBXBuildFile; fileRef = 11D0347F2022F52C006194F8 /* ViewController.swift */; };
		11D034832022F52C006194F8 /* Main.storyboard in Resources */ = {isa = PBXBuildFile; fileRef = 11D034812022F52C006194F8 /* Main.storyboard */; };
		11D034852022F52C006194F8 /* Assets.xcassets in Resources */ = {isa = PBXBuildFile; fileRef = 11D034842022F52C006194F8 /* Assets.xcassets */; };
		11D034882022F52C006194F8 /* LaunchScreen.storyboard in Resources */ = {isa = PBXBuildFile; fileRef = 11D034862022F52C006194F8 /* LaunchScreen.storyboard */; };
		11D034932022F52C006194F8 /* whatappstatuscloneTests.swift in Sources */ = {isa = PBXBuildFile; fileRef = 11D034922022F52C006194F8 /* whatappstatuscloneTests.swift */; };
		11D0349E2022F52C006194F8 /* whatappstatuscloneUITests.swift in Sources */ = {isa = PBXBuildFile; fileRef = 11D0349D2022F52C006194F8 /* whatappstatuscloneUITests.swift */; };
		11DA2BE720331D140066DC27 /* HeaderTableViewCell.swift in Sources */ = {isa = PBXBuildFile; fileRef = 11DA2BE620331D140066DC27 /* HeaderTableViewCell.swift */; };
		11DA2BE920331E8A0066DC27 /* ViewControllerTableExtension.swift in Sources */ = {isa = PBXBuildFile; fileRef = 11DA2BE820331E8A0066DC27 /* ViewControllerTableExtension.swift */; };
/* End PBXBuildFile section */

/* Begin PBXContainerItemProxy section */
		11D0348F2022F52C006194F8 /* PBXContainerItemProxy */ = {
			isa = PBXContainerItemProxy;
			containerPortal = 11D034722022F52C006194F8 /* Project object */;
			proxyType = 1;
			remoteGlobalIDString = 11D034792022F52C006194F8;
			remoteInfo = whatappstatusclone;
		};
		11D0349A2022F52C006194F8 /* PBXContainerItemProxy */ = {
			isa = PBXContainerItemProxy;
			containerPortal = 11D034722022F52C006194F8 /* Project object */;
			proxyType = 1;
			remoteGlobalIDString = 11D034792022F52C006194F8;
			remoteInfo = whatappstatusclone;
		};
/* End PBXContainerItemProxy section */

/* Begin PBXFileReference section */
		1189C2EF2035B36A00B0D47B /* wscTableViewController.swift */ = {isa = PBXFileReference; lastKnownFileType = sourcecode.swift; path = wscTableViewController.swift; sourceTree = "<group>"; };
		1189C2F12035B40600B0D47B /* wscTableView.swift */ = {isa = PBXFileReference; lastKnownFileType = sourcecode.swift; path = wscTableView.swift; sourceTree = "<group>"; };
		1198F3B62063852A00930377 /* toastView.swift */ = {isa = PBXFileReference; lastKnownFileType = sourcecode.swift; path = toastView.swift; sourceTree = "<group>"; };
		11D0347A2022F52C006194F8 /* whatappstatusclone.app */ = {isa = PBXFileReference; explicitFileType = wrapper.application; includeInIndex = 0; path = whatappstatusclone.app; sourceTree = BUILT_PRODUCTS_DIR; };
		11D0347D2022F52C006194F8 /* AppDelegate.swift */ = {isa = PBXFileReference; lastKnownFileType = sourcecode.swift; path = AppDelegate.swift; sourceTree = "<group>"; };
		11D0347F2022F52C006194F8 /* ViewController.swift */ = {isa = PBXFileReference; lastKnownFileType = sourcecode.swift; path = ViewController.swift; sourceTree = "<group>"; };
		11D034822022F52C006194F8 /* Base */ = {isa = PBXFileReference; lastKnownFileType = file.storyboard; name = Base; path = Base.lproj/Main.storyboard; sourceTree = "<group>"; };
		11D034842022F52C006194F8 /* Assets.xcassets */ = {isa = PBXFileReference; lastKnownFileType = folder.assetcatalog; path = Assets.xcassets; sourceTree = "<group>"; };
		11D034872022F52C006194F8 /* Base */ = {isa = PBXFileReference; lastKnownFileType = file.storyboard; name = Base; path = Base.lproj/LaunchScreen.storyboard; sourceTree = "<group>"; };
		11D034892022F52C006194F8 /* Info.plist */ = {isa = PBXFileReference; lastKnownFileType = text.plist.xml; path = Info.plist; sourceTree = "<group>"; };
		11D0348E2022F52C006194F8 /* whatappstatuscloneTests.xctest */ = {isa = PBXFileReference; explicitFileType = wrapper.cfbundle; includeInIndex = 0; path = whatappstatuscloneTests.xctest; sourceTree = BUILT_PRODUCTS_DIR; };
		11D034922022F52C006194F8 /* whatappstatuscloneTests.swift */ = {isa = PBXFileReference; lastKnownFileType = sourcecode.swift; path = whatappstatuscloneTests.swift; sourceTree = "<group>"; };
		11D034942022F52C006194F8 /* Info.plist */ = {isa = PBXFileReference; lastKnownFileType = text.plist.xml; path = Info.plist; sourceTree = "<group>"; };
		11D034992022F52C006194F8 /* whatappstatuscloneUITests.xctest */ = {isa = PBXFileReference; explicitFileType = wrapper.cfbundle; includeInIndex = 0; path = whatappstatuscloneUITests.xctest; sourceTree = BUILT_PRODUCTS_DIR; };
		11D0349D2022F52C006194F8 /* whatappstatuscloneUITests.swift */ = {isa = PBXFileReference; lastKnownFileType = sourcecode.swift; path = whatappstatuscloneUITests.swift; sourceTree = "<group>"; };
		11D0349F2022F52C006194F8 /* Info.plist */ = {isa = PBXFileReference; lastKnownFileType = text.plist.xml; path = Info.plist; sourceTree = "<group>"; };
		11DA2BE620331D140066DC27 /* HeaderTableViewCell.swift */ = {isa = PBXFileReference; lastKnownFileType = sourcecode.swift; path = HeaderTableViewCell.swift; sourceTree = "<group>"; };
		11DA2BE820331E8A0066DC27 /* ViewControllerTableExtension.swift */ = {isa = PBXFileReference; lastKnownFileType = sourcecode.swift; path = ViewControllerTableExtension.swift; sourceTree = "<group>"; };
/* End PBXFileReference section */

/* Begin PBXFrameworksBuildPhase section */
		11D034772022F52C006194F8 /* Frameworks */ = {
			isa = PBXFrameworksBuildPhase;
			buildActionMask = 2147483647;
			files = (
			);
			runOnlyForDeploymentPostprocessing = 0;
		};
		11D0348B2022F52C006194F8 /* Frameworks */ = {
			isa = PBXFrameworksBuildPhase;
			buildActionMask = 2147483647;
			files = (
			);
			runOnlyForDeploymentPostprocessing = 0;
		};
		11D034962022F52C006194F8 /* Frameworks */ = {
			isa = PBXFrameworksBuildPhase;
			buildActionMask = 2147483647;
			files = (
			);
			runOnlyForDeploymentPostprocessing = 0;
		};
/* End PBXFrameworksBuildPhase section */

/* Begin PBXGroup section */
		1198F3B5206384CA00930377 /* Helpers */ = {
			isa = PBXGroup;
			children = (
				1198F3B62063852A00930377 /* toastView.swift */,
			);
			path = Helpers;
			sourceTree = "<group>";
		};
		11D034712022F52B006194F8 = {
			isa = PBXGroup;
			children = (
				11D0347C2022F52C006194F8 /* whatappstatusclone */,
				11D034912022F52C006194F8 /* whatappstatuscloneTests */,
				11D0349C2022F52C006194F8 /* whatappstatuscloneUITests */,
				11D0347B2022F52C006194F8 /* Products */,
			);
			sourceTree = "<group>";
		};
		11D0347B2022F52C006194F8 /* Products */ = {
			isa = PBXGroup;
			children = (
				11D0347A2022F52C006194F8 /* whatappstatusclone.app */,
				11D0348E2022F52C006194F8 /* whatappstatuscloneTests.xctest */,
				11D034992022F52C006194F8 /* whatappstatuscloneUITests.xctest */,
			);
			name = Products;
			sourceTree = "<group>";
		};
		11D0347C2022F52C006194F8 /* whatappstatusclone */ = {
			isa = PBXGroup;
			children = (
				C209D5FF20A1B57600D5CBEA /* Model */,
				C209D5FE20A1B56900D5CBEA /* View */,
				1198F3B5206384CA00930377 /* Helpers */,
				C209D5FD20A1B54200D5CBEA /* Controller */,
				11D0347D2022F52C006194F8 /* AppDelegate.swift */,
				1189C2F12035B40600B0D47B /* wscTableView.swift */,
				11DA2BE820331E8A0066DC27 /* ViewControllerTableExtension.swift */,
				11DA2BE620331D140066DC27 /* HeaderTableViewCell.swift */,
				11D034812022F52C006194F8 /* Main.storyboard */,
				11D034AD202322C6006194F8 /* ViewController */,
				11D034842022F52C006194F8 /* Assets.xcassets */,
				11D034862022F52C006194F8 /* LaunchScreen.storyboard */,
				11D034892022F52C006194F8 /* Info.plist */,
			);
			path = whatappstatusclone;
			sourceTree = "<group>";
		};
		11D034912022F52C006194F8 /* whatappstatuscloneTests */ = {
			isa = PBXGroup;
			children = (
				11D034922022F52C006194F8 /* whatappstatuscloneTests.swift */,
				11D034942022F52C006194F8 /* Info.plist */,
			);
			path = whatappstatuscloneTests;
			sourceTree = "<group>";
		};
		11D0349C2022F52C006194F8 /* whatappstatuscloneUITests */ = {
			isa = PBXGroup;
			children = (
				11D0349D2022F52C006194F8 /* whatappstatuscloneUITests.swift */,
				11D0349F2022F52C006194F8 /* Info.plist */,
			);
			path = whatappstatuscloneUITests;
			sourceTree = "<group>";
		};
		11D034AD202322C6006194F8 /* ViewController */ = {
			isa = PBXGroup;
			children = (
			);
			path = ViewController;
			sourceTree = "<group>";
		};
		C209D5FD20A1B54200D5CBEA /* Controller */ = {
			isa = PBXGroup;
			children = (
				11D0347F2022F52C006194F8 /* ViewController.swift */,
				1189C2EF2035B36A00B0D47B /* wscTableViewController.swift */,
			);
			path = Controller;
			sourceTree = "<group>";
		};
		C209D5FE20A1B56900D5CBEA /* View */ = {
			isa = PBXGroup;
			children = (
			);
			path = View;
			sourceTree = "<group>";
		};
		C209D5FF20A1B57600D5CBEA /* Model */ = {
			isa = PBXGroup;
			children = (
			);
			path = Model;
			sourceTree = "<group>";
		};
/* End PBXGroup section */

/* Begin PBXNativeTarget section */
		11D034792022F52C006194F8 /* whatappstatusclone */ = {
			isa = PBXNativeTarget;
			buildConfigurationList = 11D034A22022F52C006194F8 /* Build configuration list for PBXNativeTarget "whatappstatusclone" */;
			buildPhases = (
				11D034762022F52C006194F8 /* Sources */,
				11D034772022F52C006194F8 /* Frameworks */,
				11D034782022F52C006194F8 /* Resources */,
			);
			buildRules = (
			);
			dependencies = (
			);
			name = whatappstatusclone;
			productName = whatappstatusclone;
			productReference = 11D0347A2022F52C006194F8 /* whatappstatusclone.app */;
			productType = "com.apple.product-type.application";
		};
		11D0348D2022F52C006194F8 /* whatappstatuscloneTests */ = {
			isa = PBXNativeTarget;
			buildConfigurationList = 11D034A52022F52C006194F8 /* Build configuration list for PBXNativeTarget "whatappstatuscloneTests" */;
			buildPhases = (
				11D0348A2022F52C006194F8 /* Sources */,
				11D0348B2022F52C006194F8 /* Frameworks */,
				11D0348C2022F52C006194F8 /* Resources */,
			);
			buildRules = (
			);
			dependencies = (
				11D034902022F52C006194F8 /* PBXTargetDependency */,
			);
			name = whatappstatuscloneTests;
			productName = whatappstatuscloneTests;
			productReference = 11D0348E2022F52C006194F8 /* whatappstatuscloneTests.xctest */;
			productType = "com.apple.product-type.bundle.unit-test";
		};
		11D034982022F52C006194F8 /* whatappstatuscloneUITests */ = {
			isa = PBXNativeTarget;
			buildConfigurationList = 11D034A82022F52C006194F8 /* Build configuration list for PBXNativeTarget "whatappstatuscloneUITests" */;
			buildPhases = (
				11D034952022F52C006194F8 /* Sources */,
				11D034962022F52C006194F8 /* Frameworks */,
				11D034972022F52C006194F8 /* Resources */,
			);
			buildRules = (
			);
			dependencies = (
				11D0349B2022F52C006194F8 /* PBXTargetDependency */,
			);
			name = whatappstatuscloneUITests;
			productName = whatappstatuscloneUITests;
			productReference = 11D034992022F52C006194F8 /* whatappstatuscloneUITests.xctest */;
			productType = "com.apple.product-type.bundle.ui-testing";
		};
/* End PBXNativeTarget section */

/* Begin PBXProject section */
		11D034722022F52C006194F8 /* Project object */ = {
			isa = PBXProject;
			attributes = {
				LastSwiftUpdateCheck = 0920;
				LastUpgradeCheck = 0920;
				ORGANIZATIONNAME = tibinT9;
				TargetAttributes = {
					11D034792022F52C006194F8 = {
						CreatedOnToolsVersion = 9.2;
						ProvisioningStyle = Automatic;
					};
					11D0348D2022F52C006194F8 = {
						CreatedOnToolsVersion = 9.2;
						ProvisioningStyle = Automatic;
						TestTargetID = 11D034792022F52C006194F8;
					};
					11D034982022F52C006194F8 = {
						CreatedOnToolsVersion = 9.2;
						ProvisioningStyle = Automatic;
						TestTargetID = 11D034792022F52C006194F8;
					};
				};
			};
			buildConfigurationList = 11D034752022F52C006194F8 /* Build configuration list for PBXProject "whatappstatusclone" */;
			compatibilityVersion = "Xcode 8.0";
			developmentRegion = en;
			hasScannedForEncodings = 0;
			knownRegions = (
				en,
				Base,
			);
			mainGroup = 11D034712022F52B006194F8;
			productRefGroup = 11D0347B2022F52C006194F8 /* Products */;
			projectDirPath = "";
			projectRoot = "";
			targets = (
				11D034792022F52C006194F8 /* whatappstatusclone */,
				11D0348D2022F52C006194F8 /* whatappstatuscloneTests */,
				11D034982022F52C006194F8 /* whatappstatuscloneUITests */,
			);
		};
/* End PBXProject section */

/* Begin PBXResourcesBuildPhase section */
		11D034782022F52C006194F8 /* Resources */ = {
			isa = PBXResourcesBuildPhase;
			buildActionMask = 2147483647;
			files = (
				11D034882022F52C006194F8 /* LaunchScreen.storyboard in Resources */,
				11D034852022F52C006194F8 /* Assets.xcassets in Resources */,
				11D034832022F52C006194F8 /* Main.storyboard in Resources */,
			);
			runOnlyForDeploymentPostprocessing = 0;
		};
		11D0348C2022F52C006194F8 /* Resources */ = {
			isa = PBXResourcesBuildPhase;
			buildActionMask = 2147483647;
			files = (
			);
			runOnlyForDeploymentPostprocessing = 0;
		};
		11D034972022F52C006194F8 /* Resources */ = {
			isa = PBXResourcesBuildPhase;
			buildActionMask = 2147483647;
			files = (
			);
			runOnlyForDeploymentPostprocessing = 0;
		};
/* End PBXResourcesBuildPhase section */

/* Begin PBXSourcesBuildPhase section */
		11D034762022F52C006194F8 /* Sources */ = {
			isa = PBXSourcesBuildPhase;
			buildActionMask = 2147483647;
			files = (
				1198F3B72063852A00930377 /* toastView.swift in Sources */,
				11D034802022F52C006194F8 /* ViewController.swift in Sources */,
				11DA2BE720331D140066DC27 /* HeaderTableViewCell.swift in Sources */,
				1189C2F02035B36A00B0D47B /* wscTableViewController.swift in Sources */,
				11DA2BE920331E8A0066DC27 /* ViewControllerTableExtension.swift in Sources */,
				11D0347E2022F52C006194F8 /* AppDelegate.swift in Sources */,
				1189C2F22035B40600B0D47B /* wscTableView.swift in Sources */,
			);
			runOnlyForDeploymentPostprocessing = 0;
		};
		11D0348A2022F52C006194F8 /* Sources */ = {
			isa = PBXSourcesBuildPhase;
			buildActionMask = 2147483647;
			files = (
				11D034932022F52C006194F8 /* whatappstatuscloneTests.swift in Sources */,
			);
			runOnlyForDeploymentPostprocessing = 0;
		};
		11D034952022F52C006194F8 /* Sources */ = {
			isa = PBXSourcesBuildPhase;
			buildActionMask = 2147483647;
			files = (
				11D0349E2022F52C006194F8 /* whatappstatuscloneUITests.swift in Sources */,
			);
			runOnlyForDeploymentPostprocessing = 0;
		};
/* End PBXSourcesBuildPhase section */

/* Begin PBXTargetDependency section */
		11D034902022F52C006194F8 /* PBXTargetDependency */ = {
			isa = PBXTargetDependency;
			target = 11D034792022F52C006194F8 /* whatappstatusclone */;
			targetProxy = 11D0348F2022F52C006194F8 /* PBXContainerItemProxy */;
		};
		11D0349B2022F52C006194F8 /* PBXTargetDependency */ = {
			isa = PBXTargetDependency;
			target = 11D034792022F52C006194F8 /* whatappstatusclone */;
			targetProxy = 11D0349A2022F52C006194F8 /* PBXContainerItemProxy */;
		};
/* End PBXTargetDependency section */

/* Begin PBXVariantGroup section */
		11D034812022F52C006194F8 /* Main.storyboard */ = {
			isa = PBXVariantGroup;
			children = (
				11D034822022F52C006194F8 /* Base */,
			);
			name = Main.storyboard;
			sourceTree = "<group>";
		};
		11D034862022F52C006194F8 /* LaunchScreen.storyboard */ = {
			isa = PBXVariantGroup;
			children = (
				11D034872022F52C006194F8 /* Base */,
			);
			name = LaunchScreen.storyboard;
			sourceTree = "<group>";
		};
/* End PBXVariantGroup section */

/* Begin XCBuildConfiguration section */
		11D034A02022F52C006194F8 /* Debug */ = {
			isa = XCBuildConfiguration;
			buildSettings = {
				ALWAYS_SEARCH_USER_PATHS = NO;
				CLANG_ANALYZER_NONNULL = YES;
				CLANG_ANALYZER_NUMBER_OBJECT_CONVERSION = YES_AGGRESSIVE;
				CLANG_CXX_LANGUAGE_STANDARD = "gnu++14";
				CLANG_CXX_LIBRARY = "libc++";
				CLANG_ENABLE_MODULES = YES;
				CLANG_ENABLE_OBJC_ARC = YES;
				CLANG_WARN_BLOCK_CAPTURE_AUTORELEASING = YES;
				CLANG_WARN_BOOL_CONVERSION = YES;
				CLANG_WARN_COMMA = YES;
				CLANG_WARN_CONSTANT_CONVERSION = YES;
				CLANG_WARN_DIRECT_OBJC_ISA_USAGE = YES_ERROR;
				CLANG_WARN_DOCUMENTATION_COMMENTS = YES;
				CLANG_WARN_EMPTY_BODY = YES;
				CLANG_WARN_ENUM_CONVERSION = YES;
				CLANG_WARN_INFINITE_RECURSION = YES;
				CLANG_WARN_INT_CONVERSION = YES;
				CLANG_WARN_NON_LITERAL_NULL_CONVERSION = YES;
				CLANG_WARN_OBJC_LITERAL_CONVERSION = YES;
				CLANG_WARN_OBJC_ROOT_CLASS = YES_ERROR;
				CLANG_WARN_RANGE_LOOP_ANALYSIS = YES;
				CLANG_WARN_STRICT_PROTOTYPES = YES;
				CLANG_WARN_SUSPICIOUS_MOVE = YES;
				CLANG_WARN_UNGUARDED_AVAILABILITY = YES_AGGRESSIVE;
				CLANG_WARN_UNREACHABLE_CODE = YES;
				CLANG_WARN__DUPLICATE_METHOD_MATCH = YES;
				CODE_SIGN_IDENTITY = "iPhone Developer";
				COPY_PHASE_STRIP = NO;
				DEBUG_INFORMATION_FORMAT = dwarf;
				ENABLE_STRICT_OBJC_MSGSEND = YES;
				ENABLE_TESTABILITY = YES;
				GCC_C_LANGUAGE_STANDARD = gnu11;
				GCC_DYNAMIC_NO_PIC = NO;
				GCC_NO_COMMON_BLOCKS = YES;
				GCC_OPTIMIZATION_LEVEL = 0;
				GCC_PREPROCESSOR_DEFINITIONS = (
					"DEBUG=1",
					"$(inherited)",
				);
				GCC_WARN_64_TO_32_BIT_CONVERSION = YES;
				GCC_WARN_ABOUT_RETURN_TYPE = YES_ERROR;
				GCC_WARN_UNDECLARED_SELECTOR = YES;
				GCC_WARN_UNINITIALIZED_AUTOS = YES_AGGRESSIVE;
				GCC_WARN_UNUSED_FUNCTION = YES;
				GCC_WARN_UNUSED_VARIABLE = YES;
				IPHONEOS_DEPLOYMENT_TARGET = 11.2;
				MTL_ENABLE_DEBUG_INFO = YES;
				ONLY_ACTIVE_ARCH = YES;
				SDKROOT = iphoneos;
				SWIFT_ACTIVE_COMPILATION_CONDITIONS = DEBUG;
				SWIFT_OPTIMIZATION_LEVEL = "-Onone";
			};
			name = Debug;
		};
		11D034A12022F52C006194F8 /* Release */ = {
			isa = XCBuildConfiguration;
			buildSettings = {
				ALWAYS_SEARCH_USER_PATHS = NO;
				CLANG_ANALYZER_NONNULL = YES;
				CLANG_ANALYZER_NUMBER_OBJECT_CONVERSION = YES_AGGRESSIVE;
				CLANG_CXX_LANGUAGE_STANDARD = "gnu++14";
				CLANG_CXX_LIBRARY = "libc++";
				CLANG_ENABLE_MODULES = YES;
				CLANG_ENABLE_OBJC_ARC = YES;
				CLANG_WARN_BLOCK_CAPTURE_AUTORELEASING = YES;
				CLANG_WARN_BOOL_CONVERSION = YES;
				CLANG_WARN_COMMA = YES;
				CLANG_WARN_CONSTANT_CONVERSION = YES;
				CLANG_WARN_DIRECT_OBJC_ISA_USAGE = YES_ERROR;
				CLANG_WARN_DOCUMENTATION_COMMENTS = YES;
				CLANG_WARN_EMPTY_BODY = YES;
				CLANG_WARN_ENUM_CONVERSION = YES;
				CLANG_WARN_INFINITE_RECURSION = YES;
				CLANG_WARN_INT_CONVERSION = YES;
				CLANG_WARN_NON_LITERAL_NULL_CONVERSION = YES;
				CLANG_WARN_OBJC_LITERAL_CONVERSION = YES;
				CLANG_WARN_OBJC_ROOT_CLASS = YES_ERROR;
				CLANG_WARN_RANGE_LOOP_ANALYSIS = YES;
				CLANG_WARN_STRICT_PROTOTYPES = YES;
				CLANG_WARN_SUSPICIOUS_MOVE = YES;
				CLANG_WARN_UNGUARDED_AVAILABILITY = YES_AGGRESSIVE;
				CLANG_WARN_UNREACHABLE_CODE = YES;
				CLANG_WARN__DUPLICATE_METHOD_MATCH = YES;
				CODE_SIGN_IDENTITY = "iPhone Developer";
				COPY_PHASE_STRIP = NO;
				DEBUG_INFORMATION_FORMAT = "dwarf-with-dsym";
				ENABLE_NS_ASSERTIONS = NO;
				ENABLE_STRICT_OBJC_MSGSEND = YES;
				GCC_C_LANGUAGE_STANDARD = gnu11;
				GCC_NO_COMMON_BLOCKS = YES;
				GCC_WARN_64_TO_32_BIT_CONVERSION = YES;
				GCC_WARN_ABOUT_RETURN_TYPE = YES_ERROR;
				GCC_WARN_UNDECLARED_SELECTOR = YES;
				GCC_WARN_UNINITIALIZED_AUTOS = YES_AGGRESSIVE;
				GCC_WARN_UNUSED_FUNCTION = YES;
				GCC_WARN_UNUSED_VARIABLE = YES;
				IPHONEOS_DEPLOYMENT_TARGET = 11.2;
				MTL_ENABLE_DEBUG_INFO = NO;
				SDKROOT = iphoneos;
				SWIFT_OPTIMIZATION_LEVEL = "-Owholemodule";
				VALIDATE_PRODUCT = YES;
			};
			name = Release;
		};
		11D034A32022F52C006194F8 /* Debug */ = {
			isa = XCBuildConfiguration;
			buildSettings = {
				ASSETCATALOG_COMPILER_APPICON_NAME = AppIcon;
				CODE_SIGN_STYLE = Automatic;
				DEVELOPMENT_TEAM = MTVHX6F533;
				INFOPLIST_FILE = whatappstatusclone/Info.plist;
				IPHONEOS_DEPLOYMENT_TARGET = 9.0;
				LD_RUNPATH_SEARCH_PATHS = "$(inherited) @executable_path/Frameworks";
				PRODUCT_BUNDLE_IDENTIFIER = com.tibin9.whatappstatusclone;
				PRODUCT_NAME = "$(TARGET_NAME)";
				SWIFT_VERSION = 4.0;
				TARGETED_DEVICE_FAMILY = "1,2";
			};
			name = Debug;
		};
		11D034A42022F52C006194F8 /* Release */ = {
			isa = XCBuildConfiguration;
			buildSettings = {
				ASSETCATALOG_COMPILER_APPICON_NAME = AppIcon;
				CODE_SIGN_STYLE = Automatic;
				DEVELOPMENT_TEAM = MTVHX6F533;
				INFOPLIST_FILE = whatappstatusclone/Info.plist;
				IPHONEOS_DEPLOYMENT_TARGET = 9.0;
				LD_RUNPATH_SEARCH_PATHS = "$(inherited) @executable_path/Frameworks";
				PRODUCT_BUNDLE_IDENTIFIER = com.tibin9.whatappstatusclone;
				PRODUCT_NAME = "$(TARGET_NAME)";
				SWIFT_VERSION = 4.0;
				TARGETED_DEVICE_FAMILY = "1,2";
			};
			name = Release;
		};
		11D034A62022F52C006194F8 /* Debug */ = {
			isa = XCBuildConfiguration;
			buildSettings = {
				ALWAYS_EMBED_SWIFT_STANDARD_LIBRARIES = YES;
				BUNDLE_LOADER = "$(TEST_HOST)";
				CODE_SIGN_STYLE = Automatic;
				INFOPLIST_FILE = whatappstatuscloneTests/Info.plist;
				LD_RUNPATH_SEARCH_PATHS = "$(inherited) @executable_path/Frameworks @loader_path/Frameworks";
				PRODUCT_BUNDLE_IDENTIFIER = com.tibinT9.whatappstatuscloneTests;
				PRODUCT_NAME = "$(TARGET_NAME)";
				SWIFT_VERSION = 4.0;
				TARGETED_DEVICE_FAMILY = "1,2";
				TEST_HOST = "$(BUILT_PRODUCTS_DIR)/whatappstatusclone.app/whatappstatusclone";
			};
			name = Debug;
		};
		11D034A72022F52C006194F8 /* Release */ = {
			isa = XCBuildConfiguration;
			buildSettings = {
				ALWAYS_EMBED_SWIFT_STANDARD_LIBRARIES = YES;
				BUNDLE_LOADER = "$(TEST_HOST)";
				CODE_SIGN_STYLE = Automatic;
				INFOPLIST_FILE = whatappstatuscloneTests/Info.plist;
				LD_RUNPATH_SEARCH_PATHS = "$(inherited) @executable_path/Frameworks @loader_path/Frameworks";
				PRODUCT_BUNDLE_IDENTIFIER = com.tibinT9.whatappstatuscloneTests;
				PRODUCT_NAME = "$(TARGET_NAME)";
				SWIFT_VERSION = 4.0;
				TARGETED_DEVICE_FAMILY = "1,2";
				TEST_HOST = "$(BUILT_PRODUCTS_DIR)/whatappstatusclone.app/whatappstatusclone";
			};
			name = Release;
		};
		11D034A92022F52C006194F8 /* Debug */ = {
			isa = XCBuildConfiguration;
			buildSettings = {
				ALWAYS_EMBED_SWIFT_STANDARD_LIBRARIES = YES;
				CODE_SIGN_STYLE = Automatic;
				INFOPLIST_FILE = whatappstatuscloneUITests/Info.plist;
				LD_RUNPATH_SEARCH_PATHS = "$(inherited) @executable_path/Frameworks @loader_path/Frameworks";
				PRODUCT_BUNDLE_IDENTIFIER = com.tibinT9.whatappstatuscloneUITests;
				PRODUCT_NAME = "$(TARGET_NAME)";
				SWIFT_VERSION = 4.0;
				TARGETED_DEVICE_FAMILY = "1,2";
				TEST_TARGET_NAME = whatappstatusclone;
			};
			name = Debug;
		};
		11D034AA2022F52C006194F8 /* Release */ = {
			isa = XCBuildConfiguration;
			buildSettings = {
				ALWAYS_EMBED_SWIFT_STANDARD_LIBRARIES = YES;
				CODE_SIGN_STYLE = Automatic;
				INFOPLIST_FILE = whatappstatuscloneUITests/Info.plist;
				LD_RUNPATH_SEARCH_PATHS = "$(inherited) @executable_path/Frameworks @loader_path/Frameworks";
				PRODUCT_BUNDLE_IDENTIFIER = com.tibinT9.whatappstatuscloneUITests;
				PRODUCT_NAME = "$(TARGET_NAME)";
				SWIFT_VERSION = 4.0;
				TARGETED_DEVICE_FAMILY = "1,2";
				TEST_TARGET_NAME = whatappstatusclone;
			};
			name = Release;
		};
/* End XCBuildConfiguration section */

/* Begin XCConfigurationList section */
		11D034752022F52C006194F8 /* Build configuration list for PBXProject "whatappstatusclone" */ = {
			isa = XCConfigurationList;
			buildConfigurations = (
				11D034A02022F52C006194F8 /* Debug */,
				11D034A12022F52C006194F8 /* Release */,
			);
			defaultConfigurationIsVisible = 0;
			defaultConfigurationName = Release;
		};
		11D034A22022F52C006194F8 /* Build configuration list for PBXNativeTarget "whatappstatusclone" */ = {
			isa = XCConfigurationList;
			buildConfigurations = (
				11D034A32022F52C006194F8 /* Debug */,
				11D034A42022F52C006194F8 /* Release */,
			);
			defaultConfigurationIsVisible = 0;
			defaultConfigurationName = Release;
		};
		11D034A52022F52C006194F8 /* Build configuration list for PBXNativeTarget "whatappstatuscloneTests" */ = {
			isa = XCConfigurationList;
			buildConfigurations = (
				11D034A62022F52C006194F8 /* Debug */,
				11D034A72022F52C006194F8 /* Release */,
			);
			defaultConfigurationIsVisible = 0;
			defaultConfigurationName = Release;
		};
		11D034A82022F52C006194F8 /* Build configuration list for PBXNativeTarget "whatappstatuscloneUITests" */ = {
			isa = XCConfigurationList;
			buildConfigurations = (
				11D034A92022F52C006194F8 /* Debug */,
				11D034AA2022F52C006194F8 /* Release */,
			);
			defaultConfigurationIsVisible = 0;
			defaultConfigurationName = Release;
		};
/* End XCConfigurationList section */
	};
	rootObject = 11D034722022F52C006194F8 /* Project object */;
}
